
Microsoft Visual Studio Solution File, Format Version 12.00
# Visual Studio Version 17
VisualStudioVersion = 17.11.35303.130
MinimumVisualStudioVersion = 10.0.40219.1
Project("{8BC9CEB8-8B4A-11D0-8D11-00A0C91BC942}") = "펠린드롬_", "펠린드롬_\펠린드롬_.vcxproj", "{C04993EE-E918-472A-9BDC-1107FAE7650B}"
EndProject
Project("{8BC9CEB8-8B4A-11D0-8D11-00A0C91BC942}") = "최소 스패닝 트리", "최소 스패닝 트리\최소 스패닝 트리.vcxproj", "{92BF6D72-77D1-4B34-84DF-6C73F7D9EE3D}"
EndProject
Project("{8BC9CEB8-8B4A-11D0-8D11-00A0C91BC942}") = "트리와 쿼리", "트리와 쿼리\트리와 쿼리.vcxproj", "{AF73824E-3A22-41ED-BE36-00FE5F989CB3}"
EndProject
Project("{8BC9CEB8-8B4A-11D0-8D11-00A0C91BC942}") = "도시 분할 계획", "도시 분할 계획\도시 분할 계획.vcxproj", "{C3BBC343-5A12-4C27-816B-E177CA42B8B8}"
EndProject
Project("{8BC9CEB8-8B4A-11D0-8D11-00A0C91BC942}") = "RGB거리2", "RGB거리2\RGB거리2.vcxproj", "{1D7129C3-2A5B-45E5-9D04-8F1E18F23586}"
EndProject
Project("{8BC9CEB8-8B4A-11D0-8D11-00A0C91BC942}") = "부분합", "부분합\부분합.vcxproj", "{EBD72073-55BF-47B9-9723-15FCA124964F}"
EndProject
Project("{8BC9CEB8-8B4A-11D0-8D11-00A0C91BC942}") = "다각형의 면적", "다각형의 면적\다각형의 면적.vcxproj", "{8FC9E4A8-145A-4988-9171-BB75346CCC9E}"
EndProject
Project("{8BC9CEB8-8B4A-11D0-8D11-00A0C91BC942}") = "스도쿠", "스도쿠\스도쿠.vcxproj", "{5FD1D842-1707-4E39-B13B-27EB059BABFE}"
EndProject
Project("{8BC9CEB8-8B4A-11D0-8D11-00A0C91BC942}") = "용액", "용액\용액.vcxproj", "{818012A1-9DC7-4F64-BDE8-9AFA52DE0AEE}"
EndProject
Project("{8BC9CEB8-8B4A-11D0-8D11-00A0C91BC942}") = "숫자 나누기 게임", "숫자 나누기 게임\숫자 나누기 게임.vcxproj", "{048BE663-E5A9-410D-A0E7-DAB5BCFD9308}"
EndProject
Project("{8BC9CEB8-8B4A-11D0-8D11-00A0C91BC942}") = "LCS 2", "LCS 2\LCS 2.vcxproj", "{27ABDB97-E714-4000-9F49-9D29BCE38DE6}"
EndProject
Project("{8BC9CEB8-8B4A-11D0-8D11-00A0C91BC942}") = "줄 세우기", "줄 세우기\줄 세우기.vcxproj", "{6FD34034-612E-466A-B2F6-E9686DA1B5F7}"
EndProject
Project("{8BC9CEB8-8B4A-11D0-8D11-00A0C91BC942}") = "세 용액", "세 용액\세 용액.vcxproj", "{A68B46B8-F1CF-4309-8BC6-CEE7A566C66F}"
EndProject
Project("{8BC9CEB8-8B4A-11D0-8D11-00A0C91BC942}") = "음악프로그램", "음악프로그램\음악프로그램.vcxproj", "{51A65111-3BF0-4BE2-AF14-8DEBD2FA3F12}"
EndProject
Global
	GlobalSection(SolutionConfigurationPlatforms) = preSolution
		Debug|x64 = Debug|x64
		Debug|x86 = Debug|x86
		Release|x64 = Release|x64
		Release|x86 = Release|x86
	EndGlobalSection
	GlobalSection(ProjectConfigurationPlatforms) = postSolution
		{C04993EE-E918-472A-9BDC-1107FAE7650B}.Debug|x64.ActiveCfg = Debug|x64
		{C04993EE-E918-472A-9BDC-1107FAE7650B}.Debug|x64.Build.0 = Debug|x64
		{C04993EE-E918-472A-9BDC-1107FAE7650B}.Debug|x86.ActiveCfg = Debug|Win32
		{C04993EE-E918-472A-9BDC-1107FAE7650B}.Debug|x86.Build.0 = Debug|Win32
		{C04993EE-E918-472A-9BDC-1107FAE7650B}.Release|x64.ActiveCfg = Release|x64
		{C04993EE-E918-472A-9BDC-1107FAE7650B}.Release|x64.Build.0 = Release|x64
		{C04993EE-E918-472A-9BDC-1107FAE7650B}.Release|x86.ActiveCfg = Release|Win32
		{C04993EE-E918-472A-9BDC-1107FAE7650B}.Release|x86.Build.0 = Release|Win32
		{92BF6D72-77D1-4B34-84DF-6C73F7D9EE3D}.Debug|x64.ActiveCfg = Debug|x64
		{92BF6D72-77D1-4B34-84DF-6C73F7D9EE3D}.Debug|x64.Build.0 = Debug|x64
		{92BF6D72-77D1-4B34-84DF-6C73F7D9EE3D}.Debug|x86.ActiveCfg = Debug|Win32
		{92BF6D72-77D1-4B34-84DF-6C73F7D9EE3D}.Debug|x86.Build.0 = Debug|Win32
		{92BF6D72-77D1-4B34-84DF-6C73F7D9EE3D}.Release|x64.ActiveCfg = Release|x64
		{92BF6D72-77D1-4B34-84DF-6C73F7D9EE3D}.Release|x64.Build.0 = Release|x64
		{92BF6D72-77D1-4B34-84DF-6C73F7D9EE3D}.Release|x86.ActiveCfg = Release|Win32
		{92BF6D72-77D1-4B34-84DF-6C73F7D9EE3D}.Release|x86.Build.0 = Release|Win32
		{AF73824E-3A22-41ED-BE36-00FE5F989CB3}.Debug|x64.ActiveCfg = Debug|x64
		{AF73824E-3A22-41ED-BE36-00FE5F989CB3}.Debug|x64.Build.0 = Debug|x64
		{AF73824E-3A22-41ED-BE36-00FE5F989CB3}.Debug|x86.ActiveCfg = Debug|Win32
		{AF73824E-3A22-41ED-BE36-00FE5F989CB3}.Debug|x86.Build.0 = Debug|Win32
		{AF73824E-3A22-41ED-BE36-00FE5F989CB3}.Release|x64.ActiveCfg = Release|x64
		{AF73824E-3A22-41ED-BE36-00FE5F989CB3}.Release|x64.Build.0 = Release|x64
		{AF73824E-3A22-41ED-BE36-00FE5F989CB3}.Release|x86.ActiveCfg = Release|Win32
		{AF73824E-3A22-41ED-BE36-00FE5F989CB3}.Release|x86.Build.0 = Release|Win32
		{C3BBC343-5A12-4C27-816B-E177CA42B8B8}.Debug|x64.ActiveCfg = Debug|x64
		{C3BBC343-5A12-4C27-816B-E177CA42B8B8}.Debug|x64.Build.0 = Debug|x64
		{C3BBC343-5A12-4C27-816B-E177CA42B8B8}.Debug|x86.ActiveCfg = Debug|Win32
		{C3BBC343-5A12-4C27-816B-E177CA42B8B8}.Debug|x86.Build.0 = Debug|Win32
		{C3BBC343-5A12-4C27-816B-E177CA42B8B8}.Release|x64.ActiveCfg = Release|x64
		{C3BBC343-5A12-4C27-816B-E177CA42B8B8}.Release|x64.Build.0 = Release|x64
		{C3BBC343-5A12-4C27-816B-E177CA42B8B8}.Release|x86.ActiveCfg = Release|Win32
		{C3BBC343-5A12-4C27-816B-E177CA42B8B8}.Release|x86.Build.0 = Release|Win32
		{1D7129C3-2A5B-45E5-9D04-8F1E18F23586}.Debug|x64.ActiveCfg = Debug|x64
		{1D7129C3-2A5B-45E5-9D04-8F1E18F23586}.Debug|x64.Build.0 = Debug|x64
		{1D7129C3-2A5B-45E5-9D04-8F1E18F23586}.Debug|x86.ActiveCfg = Debug|Win32
		{1D7129C3-2A5B-45E5-9D04-8F1E18F23586}.Debug|x86.Build.0 = Debug|Win32
		{1D7129C3-2A5B-45E5-9D04-8F1E18F23586}.Release|x64.ActiveCfg = Release|x64
		{1D7129C3-2A5B-45E5-9D04-8F1E18F23586}.Release|x64.Build.0 = Release|x64
		{1D7129C3-2A5B-45E5-9D04-8F1E18F23586}.Release|x86.ActiveCfg = Release|Win32
		{1D7129C3-2A5B-45E5-9D04-8F1E18F23586}.Release|x86.Build.0 = Release|Win32
		{EBD72073-55BF-47B9-9723-15FCA124964F}.Debug|x64.ActiveCfg = Debug|x64
		{EBD72073-55BF-47B9-9723-15FCA124964F}.Debug|x64.Build.0 = Debug|x64
		{EBD72073-55BF-47B9-9723-15FCA124964F}.Debug|x86.ActiveCfg = Debug|Win32
		{EBD72073-55BF-47B9-9723-15FCA124964F}.Debug|x86.Build.0 = Debug|Win32
		{EBD72073-55BF-47B9-9723-15FCA124964F}.Release|x64.ActiveCfg = Release|x64
		{EBD72073-55BF-47B9-9723-15FCA124964F}.Release|x64.Build.0 = Release|x64
		{EBD72073-55BF-47B9-9723-15FCA124964F}.Release|x86.ActiveCfg = Release|Win32
		{EBD72073-55BF-47B9-9723-15FCA124964F}.Release|x86.Build.0 = Release|Win32
		{8FC9E4A8-145A-4988-9171-BB75346CCC9E}.Debug|x64.ActiveCfg = Debug|x64
		{8FC9E4A8-145A-4988-9171-BB75346CCC9E}.Debug|x64.Build.0 = Debug|x64
		{8FC9E4A8-145A-4988-9171-BB75346CCC9E}.Debug|x86.ActiveCfg = Debug|Win32
		{8FC9E4A8-145A-4988-9171-BB75346CCC9E}.Debug|x86.Build.0 = Debug|Win32
		{8FC9E4A8-145A-4988-9171-BB75346CCC9E}.Release|x64.ActiveCfg = Release|x64
		{8FC9E4A8-145A-4988-9171-BB75346CCC9E}.Release|x64.Build.0 = Release|x64
		{8FC9E4A8-145A-4988-9171-BB75346CCC9E}.Release|x86.ActiveCfg = Release|Win32
		{8FC9E4A8-145A-4988-9171-BB75346CCC9E}.Release|x86.Build.0 = Release|Win32
		{5FD1D842-1707-4E39-B13B-27EB059BABFE}.Debug|x64.ActiveCfg = Debug|x64
		{5FD1D842-1707-4E39-B13B-27EB059BABFE}.Debug|x64.Build.0 = Debug|x64
		{5FD1D842-1707-4E39-B13B-27EB059BABFE}.Debug|x86.ActiveCfg = Debug|Win32
		{5FD1D842-1707-4E39-B13B-27EB059BABFE}.Debug|x86.Build.0 = Debug|Win32
		{5FD1D842-1707-4E39-B13B-27EB059BABFE}.Release|x64.ActiveCfg = Release|x64
		{5FD1D842-1707-4E39-B13B-27EB059BABFE}.Release|x64.Build.0 = Release|x64
		{5FD1D842-1707-4E39-B13B-27EB059BABFE}.Release|x86.ActiveCfg = Release|Win32
		{5FD1D842-1707-4E39-B13B-27EB059BABFE}.Release|x86.Build.0 = Release|Win32
		{818012A1-9DC7-4F64-BDE8-9AFA52DE0AEE}.Debug|x64.ActiveCfg = Debug|x64
		{818012A1-9DC7-4F64-BDE8-9AFA52DE0AEE}.Debug|x64.Build.0 = Debug|x64
		{818012A1-9DC7-4F64-BDE8-9AFA52DE0AEE}.Debug|x86.ActiveCfg = Debug|Win32
		{818012A1-9DC7-4F64-BDE8-9AFA52DE0AEE}.Debug|x86.Build.0 = Debug|Win32
		{818012A1-9DC7-4F64-BDE8-9AFA52DE0AEE}.Release|x64.ActiveCfg = Release|x64
		{818012A1-9DC7-4F64-BDE8-9AFA52DE0AEE}.Release|x64.Build.0 = Release|x64
		{818012A1-9DC7-4F64-BDE8-9AFA52DE0AEE}.Release|x86.ActiveCfg = Release|Win32
		{818012A1-9DC7-4F64-BDE8-9AFA52DE0AEE}.Release|x86.Build.0 = Release|Win32
		{048BE663-E5A9-410D-A0E7-DAB5BCFD9308}.Debug|x64.ActiveCfg = Debug|x64
		{048BE663-E5A9-410D-A0E7-DAB5BCFD9308}.Debug|x64.Build.0 = Debug|x64
		{048BE663-E5A9-410D-A0E7-DAB5BCFD9308}.Debug|x86.ActiveCfg = Debug|Win32
		{048BE663-E5A9-410D-A0E7-DAB5BCFD9308}.Debug|x86.Build.0 = Debug|Win32
		{048BE663-E5A9-410D-A0E7-DAB5BCFD9308}.Release|x64.ActiveCfg = Release|x64
		{048BE663-E5A9-410D-A0E7-DAB5BCFD9308}.Release|x64.Build.0 = Release|x64
		{048BE663-E5A9-410D-A0E7-DAB5BCFD9308}.Release|x86.ActiveCfg = Release|Win32
		{048BE663-E5A9-410D-A0E7-DAB5BCFD9308}.Release|x86.Build.0 = Release|Win32
		{27ABDB97-E714-4000-9F49-9D29BCE38DE6}.Debug|x64.ActiveCfg = Debug|x64
		{27ABDB97-E714-4000-9F49-9D29BCE38DE6}.Debug|x64.Build.0 = Debug|x64
		{27ABDB97-E714-4000-9F49-9D29BCE38DE6}.Debug|x86.ActiveCfg = Debug|Win32
		{27ABDB97-E714-4000-9F49-9D29BCE38DE6}.Debug|x86.Build.0 = Debug|Win32
		{27ABDB97-E714-4000-9F49-9D29BCE38DE6}.Release|x64.ActiveCfg = Release|x64
		{27ABDB97-E714-4000-9F49-9D29BCE38DE6}.Release|x64.Build.0 = Release|x64
		{27ABDB97-E714-4000-9F49-9D29BCE38DE6}.Release|x86.ActiveCfg = Release|Win32
		{27ABDB97-E714-4000-9F49-9D29BCE38DE6}.Release|x86.Build.0 = Release|Win32
		{6FD34034-612E-466A-B2F6-E9686DA1B5F7}.Debug|x64.ActiveCfg = Debug|x64
		{6FD34034-612E-466A-B2F6-E9686DA1B5F7}.Debug|x64.Build.0 = Debug|x64
		{6FD34034-612E-466A-B2F6-E9686DA1B5F7}.Debug|x86.ActiveCfg = Debug|Win32
		{6FD34034-612E-466A-B2F6-E9686DA1B5F7}.Debug|x86.Build.0 = Debug|Win32
		{6FD34034-612E-466A-B2F6-E9686DA1B5F7}.Release|x64.ActiveCfg = Release|x64
		{6FD34034-612E-466A-B2F6-E9686DA1B5F7}.Release|x64.Build.0 = Release|x64
		{6FD34034-612E-466A-B2F6-E9686DA1B5F7}.Release|x86.ActiveCfg = Release|Win32
		{6FD34034-612E-466A-B2F6-E9686DA1B5F7}.Release|x86.Build.0 = Release|Win32
		{A68B46B8-F1CF-4309-8BC6-CEE7A566C66F}.Debug|x64.ActiveCfg = Debug|x64
		{A68B46B8-F1CF-4309-8BC6-CEE7A566C66F}.Debug|x64.Build.0 = Debug|x64
		{A68B46B8-F1CF-4309-8BC6-CEE7A566C66F}.Debug|x86.ActiveCfg = Debug|Win32
		{A68B46B8-F1CF-4309-8BC6-CEE7A566C66F}.Debug|x86.Build.0 = Debug|Win32
		{A68B46B8-F1CF-4309-8BC6-CEE7A566C66F}.Release|x64.ActiveCfg = Release|x64
		{A68B46B8-F1CF-4309-8BC6-CEE7A566C66F}.Release|x64.Build.0 = Release|x64
		{A68B46B8-F1CF-4309-8BC6-CEE7A566C66F}.Release|x86.ActiveCfg = Release|Win32
		{A68B46B8-F1CF-4309-8BC6-CEE7A566C66F}.Release|x86.Build.0 = Release|Win32
		{51A65111-3BF0-4BE2-AF14-8DEBD2FA3F12}.Debug|x64.ActiveCfg = Debug|x64
		{51A65111-3BF0-4BE2-AF14-8DEBD2FA3F12}.Debug|x64.Build.0 = Debug|x64
		{51A65111-3BF0-4BE2-AF14-8DEBD2FA3F12}.Debug|x86.ActiveCfg = Debug|Win32
		{51A65111-3BF0-4BE2-AF14-8DEBD2FA3F12}.Debug|x86.Build.0 = Debug|Win32
		{51A65111-3BF0-4BE2-AF14-8DEBD2FA3F12}.Release|x64.ActiveCfg = Release|x64
		{51A65111-3BF0-4BE2-AF14-8DEBD2FA3F12}.Release|x64.Build.0 = Release|x64
		{51A65111-3BF0-4BE2-AF14-8DEBD2FA3F12}.Release|x86.ActiveCfg = Release|Win32
		{51A65111-3BF0-4BE2-AF14-8DEBD2FA3F12}.Release|x86.Build.0 = Release|Win32
	EndGlobalSection
	GlobalSection(SolutionProperties) = preSolution
		HideSolutionNode = FALSE
	EndGlobalSection
	GlobalSection(ExtensibilityGlobals) = postSolution
		SolutionGuid = {991424B3-C0F0-4D13-AFF8-75E4AED4985F}
	EndGlobalSection
EndGlobal
