
Microsoft Visual Studio Solution File, Format Version 12.00
# Visual Studio 15
VisualStudioVersion = 15.0.28307.1231
MinimumVisualStudioVersion = 10.0.40219.1
Project("{8BC9CEB8-8B4A-11D0-8D11-00A0C91BC942}") = "구슬 탈출 2", "구슬 탈출 2\구슬 탈출 2.vcxproj", "{AB1DAAA5-5F9E-4ACF-A14A-D0EA4AEBB1B8}"
EndProject
Project("{8BC9CEB8-8B4A-11D0-8D11-00A0C91BC942}") = "2048 (Easy)", "2048 (Easy)\2048 (Easy).vcxproj", "{734EE425-EEC7-4E82-B108-03A8BCC3F90E}"
EndProject
Project("{8BC9CEB8-8B4A-11D0-8D11-00A0C91BC942}") = "뱀", "뱀\뱀.vcxproj", "{EB9FE142-83B9-4E03-959D-4E61A17DA7CC}"
EndProject
Global
	GlobalSection(SolutionConfigurationPlatforms) = preSolution
		Debug|x64 = Debug|x64
		Debug|x86 = Debug|x86
		Release|x64 = Release|x64
		Release|x86 = Release|x86
	EndGlobalSection
	GlobalSection(ProjectConfigurationPlatforms) = postSolution
		{AB1DAAA5-5F9E-4ACF-A14A-D0EA4AEBB1B8}.Debug|x64.ActiveCfg = Debug|x64
		{AB1DAAA5-5F9E-4ACF-A14A-D0EA4AEBB1B8}.Debug|x64.Build.0 = Debug|x64
		{AB1DAAA5-5F9E-4ACF-A14A-D0EA4AEBB1B8}.Debug|x86.ActiveCfg = Debug|Win32
		{AB1DAAA5-5F9E-4ACF-A14A-D0EA4AEBB1B8}.Debug|x86.Build.0 = Debug|Win32
		{AB1DAAA5-5F9E-4ACF-A14A-D0EA4AEBB1B8}.Release|x64.ActiveCfg = Release|x64
		{AB1DAAA5-5F9E-4ACF-A14A-D0EA4AEBB1B8}.Release|x64.Build.0 = Release|x64
		{AB1DAAA5-5F9E-4ACF-A14A-D0EA4AEBB1B8}.Release|x86.ActiveCfg = Release|Win32
		{AB1DAAA5-5F9E-4ACF-A14A-D0EA4AEBB1B8}.Release|x86.Build.0 = Release|Win32
		{734EE425-EEC7-4E82-B108-03A8BCC3F90E}.Debug|x64.ActiveCfg = Debug|x64
		{734EE425-EEC7-4E82-B108-03A8BCC3F90E}.Debug|x64.Build.0 = Debug|x64
		{734EE425-EEC7-4E82-B108-03A8BCC3F90E}.Debug|x86.ActiveCfg = Debug|Win32
		{734EE425-EEC7-4E82-B108-03A8BCC3F90E}.Debug|x86.Build.0 = Debug|Win32
		{734EE425-EEC7-4E82-B108-03A8BCC3F90E}.Release|x64.ActiveCfg = Release|x64
		{734EE425-EEC7-4E82-B108-03A8BCC3F90E}.Release|x64.Build.0 = Release|x64
		{734EE425-EEC7-4E82-B108-03A8BCC3F90E}.Release|x86.ActiveCfg = Release|Win32
		{734EE425-EEC7-4E82-B108-03A8BCC3F90E}.Release|x86.Build.0 = Release|Win32
		{EB9FE142-83B9-4E03-959D-4E61A17DA7CC}.Debug|x64.ActiveCfg = Debug|x64
		{EB9FE142-83B9-4E03-959D-4E61A17DA7CC}.Debug|x64.Build.0 = Debug|x64
		{EB9FE142-83B9-4E03-959D-4E61A17DA7CC}.Debug|x86.ActiveCfg = Debug|Win32
		{EB9FE142-83B9-4E03-959D-4E61A17DA7CC}.Debug|x86.Build.0 = Debug|Win32
		{EB9FE142-83B9-4E03-959D-4E61A17DA7CC}.Release|x64.ActiveCfg = Release|x64
		{EB9FE142-83B9-4E03-959D-4E61A17DA7CC}.Release|x64.Build.0 = Release|x64
		{EB9FE142-83B9-4E03-959D-4E61A17DA7CC}.Release|x86.ActiveCfg = Release|Win32
		{EB9FE142-83B9-4E03-959D-4E61A17DA7CC}.Release|x86.Build.0 = Release|Win32
	EndGlobalSection
	GlobalSection(SolutionProperties) = preSolution
		HideSolutionNode = FALSE
	EndGlobalSection
	GlobalSection(ExtensibilityGlobals) = postSolution
		SolutionGuid = {6304F18A-B1DB-49FE-BC22-0E7D938F28AB}
	EndGlobalSection
EndGlobal
